Microsoft Visual Studio Solution File, Format Version 12.00
# Visual Studio 2015
Project("{2150E333-8FDC-42A3-9474-1A3956D46DE8}") = "(crash_generation)", "..\..\..\crash_generation", "{71054F76-E083-ED71-B3F9-3E9B872F3E9E}"
EndProject
Project("{2150E333-8FDC-42A3-9474-1A3956D46DE8}") = "(handler)", "..\..\..\handler", "{07BF0989-2B77-D3C5-75FC-813F97B41E10}"
EndProject
Project("{2150E333-8FDC-42A3-9474-1A3956D46DE8}") = "(unittests)", "..\..\..\unittests", "{68226F18-FA06-3EDF-C4A9-C8979D6B14D5}"
EndProject
Project("{8BC9CEB8-8B4A-11D0-8D11-00A0C91BC942}") = "client_tests", "client_tests.vcxproj", "{BA26E441-2FF9-DB31-7F06-DB3285801111}"
	ProjectSection(ProjectDependencies) = postProject
		{56F18A28-21F5-F933-AE42-ADE76A6BC194} = {56F18A28-21F5-F933-AE42-ADE76A6BC194}
		{1722FCCE-FD8D-3F7B-76F3-A3B30205FA0A} = {1722FCCE-FD8D-3F7B-76F3-A3B30205FA0A}
		{93DB7751-4F3E-6732-979F-6A4937439DF1} = {93DB7751-4F3E-6732-979F-6A4937439DF1}
		{56B80763-C39F-CB3B-D799-947C90087111} = {56B80763-C39F-CB3B-D799-947C90087111}
		{A8A535EF-7D21-E755-F2CF-D9ABB15ABDE2} = {A8A535EF-7D21-E755-F2CF-D9ABB15ABDE2}
		{7D90E064-9F8F-A732-678A-052DDF735E6A} = {7D90E064-9F8F-A732-678A-052DDF735E6A}
		{625B9B36-BA31-D386-25B0-4AF539298635} = {625B9B36-BA31-D386-25B0-4AF539298635}
	EndProjectSection
EndProject
Project("{8BC9CEB8-8B4A-11D0-8D11-00A0C91BC942}") = "common", "..\common.vcxproj", "{93DB7751-4F3E-6732-979F-6A4937439DF1}"
EndProject
Project("{8BC9CEB8-8B4A-11D0-8D11-00A0C91BC942}") = "crash_generation_client", "..\crash_generation\crash_generation_client.vcxproj", "{A8A535EF-7D21-E755-F2CF-D9ABB15ABDE2}"
EndProject
Project("{8BC9CEB8-8B4A-11D0-8D11-00A0C91BC942}") = "crash_generation_server", "..\crash_generation\crash_generation_server.vcxproj", "{56B80763-C39F-CB3B-D799-947C90087111}"
EndProject
Project("{8BC9CEB8-8B4A-11D0-8D11-00A0C91BC942}") = "exception_handler", "..\handler\exception_handler.vcxproj", "{7D90E064-9F8F-A732-678A-052DDF735E6A}"
EndProject
Project("{8BC9CEB8-8B4A-11D0-8D11-00A0C91BC942}") = "gmock", "gmock.vcxproj", "{1722FCCE-FD8D-3F7B-76F3-A3B30205FA0A}"
EndProject
Project("{8BC9CEB8-8B4A-11D0-8D11-00A0C91BC942}") = "gtest", "gtest.vcxproj", "{56F18A28-21F5-F933-AE42-ADE76A6BC194}"
EndProject
Project("{8BC9CEB8-8B4A-11D0-8D11-00A0C91BC942}") = "processor_bits", "processor_bits.vcxproj", "{625B9B36-BA31-D386-25B0-4AF539298635}"
EndProject
Global
	GlobalSection(SolutionConfigurationPlatforms) = preSolution
		Debug|Win32 = Debug|Win32
		Debug|x64 = Debug|x64
		Purify|Win32 = Purify|Win32
		Purify|x64 = Purify|x64
		Release|x64 = Release|x64
		Release|Win32 = Release|Win32
	EndGlobalSection
	GlobalSection(ProjectConfigurationPlatforms) = postSolution
		{1722FCCE-FD8D-3F7B-76F3-A3B30205FA0A}.Debug|Win32.ActiveCfg = Debug|Win32
		{1722FCCE-FD8D-3F7B-76F3-A3B30205FA0A}.Debug|Win32.Build.0 = Debug|Win32
		{1722FCCE-FD8D-3F7B-76F3-A3B30205FA0A}.Debug|x64.ActiveCfg = Debug|x64
		{1722FCCE-FD8D-3F7B-76F3-A3B30205FA0A}.Debug|x64.Build.0 = Debug|x64
		{1722FCCE-FD8D-3F7B-76F3-A3B30205FA0A}.Purify|Win32.ActiveCfg = Purify|Win32
		{1722FCCE-FD8D-3F7B-76F3-A3B30205FA0A}.Purify|Win32.Build.0 = Purify|Win32
		{1722FCCE-FD8D-3F7B-76F3-A3B30205FA0A}.Purify|x64.ActiveCfg = Purify|x64
		{1722FCCE-FD8D-3F7B-76F3-A3B30205FA0A}.Purify|x64.Build.0 = Purify|x64
		{1722FCCE-FD8D-3F7B-76F3-A3B30205FA0A}.Release|x64.ActiveCfg = Release|x64
		{1722FCCE-FD8D-3F7B-76F3-A3B30205FA0A}.Release|x64.Build.0 = Release|x64
		{1722FCCE-FD8D-3F7B-76F3-A3B30205FA0A}.Release|Win32.ActiveCfg = Release|Win32
		{1722FCCE-FD8D-3F7B-76F3-A3B30205FA0A}.Release|Win32.Build.0 = Release|Win32
		{56B80763-C39F-CB3B-D799-947C90087111}.Debug|Win32.ActiveCfg = Debug|Win32
		{56B80763-C39F-CB3B-D799-947C90087111}.Debug|Win32.Build.0 = Debug|Win32
		{56B80763-C39F-CB3B-D799-947C90087111}.Debug|x64.ActiveCfg = Debug|x64
		{56B80763-C39F-CB3B-D799-947C90087111}.Debug|x64.Build.0 = Debug|x64
		{56B80763-C39F-CB3B-D799-947C90087111}.Purify|Win32.ActiveCfg = Purify|Win32
		{56B80763-C39F-CB3B-D799-947C90087111}.Purify|Win32.Build.0 = Purify|Win32
		{56B80763-C39F-CB3B-D799-947C90087111}.Purify|x64.ActiveCfg = Purify|x64
		{56B80763-C39F-CB3B-D799-947C90087111}.Purify|x64.Build.0 = Purify|x64
		{56B80763-C39F-CB3B-D799-947C90087111}.Release|x64.ActiveCfg = Release|x64
		{56B80763-C39F-CB3B-D799-947C90087111}.Release|x64.Build.0 = Release|x64
		{56B80763-C39F-CB3B-D799-947C90087111}.Release|Win32.ActiveCfg = Release|Win32
		{56B80763-C39F-CB3B-D799-947C90087111}.Release|Win32.Build.0 = Release|Win32
		{56F18A28-21F5-F933-AE42-ADE76A6BC194}.Debug|Win32.ActiveCfg = Debug|Win32
		{56F18A28-21F5-F933-AE42-ADE76A6BC194}.Debug|Win32.Build.0 = Debug|Win32
		{56F18A28-21F5-F933-AE42-ADE76A6BC194}.Debug|x64.ActiveCfg = Debug|x64
		{56F18A28-21F5-F933-AE42-ADE76A6BC194}.Debug|x64.Build.0 = Debug|x64
		{56F18A28-21F5-F933-AE42-ADE76A6BC194}.Purify|Win32.ActiveCfg = Purify|Win32
		{56F18A28-21F5-F933-AE42-ADE76A6BC194}.Purify|Win32.Build.0 = Purify|Win32
		{56F18A28-21F5-F933-AE42-ADE76A6BC194}.Purify|x64.ActiveCfg = Purify|x64
		{56F18A28-21F5-F933-AE42-ADE76A6BC194}.Purify|x64.Build.0 = Purify|x64
		{56F18A28-21F5-F933-AE42-ADE76A6BC194}.Release|x64.ActiveCfg = Release|x64
		{56F18A28-21F5-F933-AE42-ADE76A6BC194}.Release|x64.Build.0 = Release|x64
		{56F18A28-21F5-F933-AE42-ADE76A6BC194}.Release|Win32.ActiveCfg = Release|Win32
		{56F18A28-21F5-F933-AE42-ADE76A6BC194}.Release|Win32.Build.0 = Release|Win32
		{625B9B36-BA31-D386-25B0-4AF539298635}.Debug|Win32.ActiveCfg = Debug|Win32
		{625B9B36-BA31-D386-25B0-4AF539298635}.Debug|Win32.Build.0 = Debug|Win32
		{625B9B36-BA31-D386-25B0-4AF539298635}.Debug|x64.ActiveCfg = Debug|x64
		{625B9B36-BA31-D386-25B0-4AF539298635}.Debug|x64.Build.0 = Debug|x64
		{625B9B36-BA31-D386-25B0-4AF539298635}.Purify|Win32.ActiveCfg = Purify|Win32
		{625B9B36-BA31-D386-25B0-4AF539298635}.Purify|Win32.Build.0 = Purify|Win32
		{625B9B36-BA31-D386-25B0-4AF539298635}.Purify|x64.ActiveCfg = Purify|x64
		{625B9B36-BA31-D386-25B0-4AF539298635}.Purify|x64.Build.0 = Purify|x64
		{625B9B36-BA31-D386-25B0-4AF539298635}.Release|x64.ActiveCfg = Release|x64
		{625B9B36-BA31-D386-25B0-4AF539298635}.Release|x64.Build.0 = Release|x64
		{625B9B36-BA31-D386-25B0-4AF539298635}.Release|Win32.ActiveCfg = Release|Win32
		{625B9B36-BA31-D386-25B0-4AF539298635}.Release|Win32.Build.0 = Release|Win32
		{7D90E064-9F8F-A732-678A-052DDF735E6A}.Debug|Win32.ActiveCfg = Debug|Win32
		{7D90E064-9F8F-A732-678A-052DDF735E6A}.Debug|Win32.Build.0 = Debug|Win32
		{7D90E064-9F8F-A732-678A-052DDF735E6A}.Debug|x64.ActiveCfg = Debug|x64
		{7D90E064-9F8F-A732-678A-052DDF735E6A}.Debug|x64.Build.0 = Debug|x64
		{7D90E064-9F8F-A732-678A-052DDF735E6A}.Purify|Win32.ActiveCfg = Purify|Win32
		{7D90E064-9F8F-A732-678A-052DDF735E6A}.Purify|Win32.Build.0 = Purify|Win32
		{7D90E064-9F8F-A732-678A-052DDF735E6A}.Purify|x64.ActiveCfg = Purify|x64
		{7D90E064-9F8F-A732-678A-052DDF735E6A}.Purify|x64.Build.0 = Purify|x64
		{7D90E064-9F8F-A732-678A-052DDF735E6A}.Release|x64.ActiveCfg = Release|x64
		{7D90E064-9F8F-A732-678A-052DDF735E6A}.Release|x64.Build.0 = Release|x64
		{7D90E064-9F8F-A732-678A-052DDF735E6A}.Release|Win32.ActiveCfg = Release|Win32
		{7D90E064-9F8F-A732-678A-052DDF735E6A}.Release|Win32.Build.0 = Release|Win32
		{93DB7751-4F3E-6732-979F-6A4937439DF1}.Debug|Win32.ActiveCfg = Debug|Win32
		{93DB7751-4F3E-6732-979F-6A4937439DF1}.Debug|Win32.Build.0 = Debug|Win32
		{93DB7751-4F3E-6732-979F-6A4937439DF1}.Debug|x64.ActiveCfg = Debug|x64
		{93DB7751-4F3E-6732-979F-6A4937439DF1}.Debug|x64.Build.0 = Debug|x64
		{93DB7751-4F3E-6732-979F-6A4937439DF1}.Purify|Win32.ActiveCfg = Purify|Win32
		{93DB7751-4F3E-6732-979F-6A4937439DF1}.Purify|Win32.Build.0 = Purify|Win32
		{93DB7751-4F3E-6732-979F-6A4937439DF1}.Purify|x64.ActiveCfg = Purify|x64
		{93DB7751-4F3E-6732-979F-6A4937439DF1}.Purify|x64.Build.0 = Purify|x64
		{93DB7751-4F3E-6732-979F-6A4937439DF1}.Release|x64.ActiveCfg = Release|x64
		{93DB7751-4F3E-6732-979F-6A4937439DF1}.Release|x64.Build.0 = Release|x64
		{93DB7751-4F3E-6732-979F-6A4937439DF1}.Release|Win32.ActiveCfg = Release|Win32
		{93DB7751-4F3E-6732-979F-6A4937439DF1}.Release|Win32.Build.0 = Release|Win32
		{A8A535EF-7D21-E755-F2CF-D9ABB15ABDE2}.Debug|Win32.ActiveCfg = Debug|Win32
		{A8A535EF-7D21-E755-F2CF-D9ABB15ABDE2}.Debug|Win32.Build.0 = Debug|Win32
		{A8A535EF-7D21-E755-F2CF-D9ABB15ABDE2}.Debug|x64.ActiveCfg = Debug|x64
		{A8A535EF-7D21-E755-F2CF-D9ABB15ABDE2}.Debug|x64.Build.0 = Debug|x64
		{A8A535EF-7D21-E755-F2CF-D9ABB15ABDE2}.Purify|Win32.ActiveCfg = Purify|Win32
		{A8A535EF-7D21-E755-F2CF-D9ABB15ABDE2}.Purify|Win32.Build.0 = Purify|Win32
		{A8A535EF-7D21-E755-F2CF-D9ABB15ABDE2}.Purify|x64.ActiveCfg = Purify|x64
		{A8A535EF-7D21-E755-F2CF-D9ABB15ABDE2}.Purify|x64.Build.0 = Purify|x64
		{A8A535EF-7D21-E755-F2CF-D9ABB15ABDE2}.Release|x64.ActiveCfg = Release|x64
		{A8A535EF-7D21-E755-F2CF-D9ABB15ABDE2}.Release|x64.Build.0 = Release|x64
		{A8A535EF-7D21-E755-F2CF-D9ABB15ABDE2}.Release|Win32.ActiveCfg = Release|Win32
		{A8A535EF-7D21-E755-F2CF-D9ABB15ABDE2}.Release|Win32.Build.0 = Release|Win32
		{BA26E441-2FF9-DB31-7F06-DB3285801111}.Debug|Win32.ActiveCfg = Debug|Win32
		{BA26E441-2FF9-DB31-7F06-DB3285801111}.Debug|Win32.Build.0 = Debug|Win32
		{BA26E441-2FF9-DB31-7F06-DB3285801111}.Debug|x64.ActiveCfg = Debug|x64
		{BA26E441-2FF9-DB31-7F06-DB3285801111}.Debug|x64.Build.0 = Debug|x64
		{BA26E441-2FF9-DB31-7F06-DB3285801111}.Purify|Win32.ActiveCfg = Purify|Win32
		{BA26E441-2FF9-DB31-7F06-DB3285801111}.Purify|Win32.Build.0 = Purify|Win32
		{BA26E441-2FF9-DB31-7F06-DB3285801111}.Purify|x64.ActiveCfg = Purify|x64
		{BA26E441-2FF9-DB31-7F06-DB3285801111}.Purify|x64.Build.0 = Purify|x64
		{BA26E441-2FF9-DB31-7F06-DB3285801111}.Release|x64.ActiveCfg = Release|x64
		{BA26E441-2FF9-DB31-7F06-DB3285801111}.Release|x64.Build.0 = Release|x64
		{BA26E441-2FF9-DB31-7F06-DB3285801111}.Release|Win32.ActiveCfg = Release|Win32
		{BA26E441-2FF9-DB31-7F06-DB3285801111}.Release|Win32.Build.0 = Release|Win32
	EndGlobalSection
	GlobalSection(SolutionProperties) = preSolution
		HideSolutionNode = FALSE
	EndGlobalSection
	GlobalSection(NestedProjects) = preSolution
		{A8A535EF-7D21-E755-F2CF-D9ABB15ABDE2} = {71054F76-E083-ED71-B3F9-3E9B872F3E9E}
		{56B80763-C39F-CB3B-D799-947C90087111} = {71054F76-E083-ED71-B3F9-3E9B872F3E9E}
		{7D90E064-9F8F-A732-678A-052DDF735E6A} = {07BF0989-2B77-D3C5-75FC-813F97B41E10}
		{BA26E441-2FF9-DB31-7F06-DB3285801111} = {68226F18-FA06-3EDF-C4A9-C8979D6B14D5}
		{1722FCCE-FD8D-3F7B-76F3-A3B30205FA0A} = {68226F18-FA06-3EDF-C4A9-C8979D6B14D5}
		{56F18A28-21F5-F933-AE42-ADE76A6BC194} = {68226F18-FA06-3EDF-C4A9-C8979D6B14D5}
		{625B9B36-BA31-D386-25B0-4AF539298635} = {68226F18-FA06-3EDF-C4A9-C8979D6B14D5}
	EndGlobalSection
EndGlobal
