Microsoft Visual Studio Solution File, Format Version 12.00
# Visual Studio 2015
Project("{8BC9CEB8-8B4A-11D0-8D11-00A0C91BC942}") = "gmock", "gmock.vcxproj", "{1722FCCE-FD8D-3F7B-76F3-A3B30205FA0A}"
EndProject
Project("{8BC9CEB8-8B4A-11D0-8D11-00A0C91BC942}") = "gtest", "gtest.vcxproj", "{56F18A28-21F5-F933-AE42-ADE76A6BC194}"
EndProject
Global
	GlobalSection(SolutionConfigurationPlatforms) = preSolution
		Debug|Win32 = Debug|Win32
		Debug|x64 = Debug|x64
		Purify|Win32 = Purify|Win32
		Purify|x64 = Purify|x64
		Release|x64 = Release|x64
		Release|Win32 = Release|Win32
	EndGlobalSection
	GlobalSection(ProjectConfigurationPlatforms) = postSolution
		{1722FCCE-FD8D-3F7B-76F3-A3B30205FA0A}.Debug|Win32.ActiveCfg = Debug|Win32
		{1722FCCE-FD8D-3F7B-76F3-A3B30205FA0A}.Debug|Win32.Build.0 = Debug|Win32
		{1722FCCE-FD8D-3F7B-76F3-A3B30205FA0A}.Debug|x64.ActiveCfg = Debug|x64
		{1722FCCE-FD8D-3F7B-76F3-A3B30205FA0A}.Debug|x64.Build.0 = Debug|x64
		{1722FCCE-FD8D-3F7B-76F3-A3B30205FA0A}.Purify|Win32.ActiveCfg = Purify|Win32
		{1722FCCE-FD8D-3F7B-76F3-A3B30205FA0A}.Purify|Win32.Build.0 = Purify|Win32
		{1722FCCE-FD8D-3F7B-76F3-A3B30205FA0A}.Purify|x64.ActiveCfg = Purify|x64
		{1722FCCE-FD8D-3F7B-76F3-A3B30205FA0A}.Purify|x64.Build.0 = Purify|x64
		{1722FCCE-FD8D-3F7B-76F3-A3B30205FA0A}.Release|x64.ActiveCfg = Release|x64
		{1722FCCE-FD8D-3F7B-76F3-A3B30205FA0A}.Release|x64.Build.0 = Release|x64
		{1722FCCE-FD8D-3F7B-76F3-A3B30205FA0A}.Release|Win32.ActiveCfg = Release|Win32
		{1722FCCE-FD8D-3F7B-76F3-A3B30205FA0A}.Release|Win32.Build.0 = Release|Win32
		{56F18A28-21F5-F933-AE42-ADE76A6BC194}.Debug|Win32.ActiveCfg = Debug|Win32
		{56F18A28-21F5-F933-AE42-ADE76A6BC194}.Debug|Win32.Build.0 = Debug|Win32
		{56F18A28-21F5-F933-AE42-ADE76A6BC194}.Debug|x64.ActiveCfg = Debug|x64
		{56F18A28-21F5-F933-AE42-ADE76A6BC194}.Debug|x64.Build.0 = Debug|x64
		{56F18A28-21F5-F933-AE42-ADE76A6BC194}.Purify|Win32.ActiveCfg = Purify|Win32
		{56F18A28-21F5-F933-AE42-ADE76A6BC194}.Purify|Win32.Build.0 = Purify|Win32
		{56F18A28-21F5-F933-AE42-ADE76A6BC194}.Purify|x64.ActiveCfg = Purify|x64
		{56F18A28-21F5-F933-AE42-ADE76A6BC194}.Purify|x64.Build.0 = Purify|x64
		{56F18A28-21F5-F933-AE42-ADE76A6BC194}.Release|x64.ActiveCfg = Release|x64
		{56F18A28-21F5-F933-AE42-ADE76A6BC194}.Release|x64.Build.0 = Release|x64
		{56F18A28-21F5-F933-AE42-ADE76A6BC194}.Release|Win32.ActiveCfg = Release|Win32
		{56F18A28-21F5-F933-AE42-ADE76A6BC194}.Release|Win32.Build.0 = Release|Win32
	EndGlobalSection
	GlobalSection(SolutionProperties) = preSolution
		HideSolutionNode = FALSE
	EndGlobalSection
EndGlobal
