Microsoft Visual Studio Solution File, Format Version 12.00
# Visual Studio 2015
Project("{2150E333-8FDC-42A3-9474-1A3956D46DE8}") = "(sender)", "..\..\..\sender", "{8981176E-4A0F-CADE-30A3-5E3F3F1CDE3A}"
EndProject
Project("{8BC9CEB8-8B4A-11D0-8D11-00A0C91BC942}") = "common", "..\common.vcxproj", "{93DB7751-4F3E-6732-979F-6A4937439DF1}"
EndProject
Project("{8BC9CEB8-8B4A-11D0-8D11-00A0C91BC942}") = "crash_report_sender", "crash_report_sender.vcxproj", "{5300C48C-425F-C1FF-11B0-CCE328892D25}"
EndProject
Global
	GlobalSection(SolutionConfigurationPlatforms) = preSolution
		Debug|Win32 = Debug|Win32
		Debug|x64 = Debug|x64
		Purify|Win32 = Purify|Win32
		Purify|x64 = Purify|x64
		Release|x64 = Release|x64
		Release|Win32 = Release|Win32
	EndGlobalSection
	GlobalSection(ProjectConfigurationPlatforms) = postSolution
		{5300C48C-425F-C1FF-11B0-CCE328892D25}.Debug|Win32.ActiveCfg = Debug|Win32
		{5300C48C-425F-C1FF-11B0-CCE328892D25}.Debug|Win32.Build.0 = Debug|Win32
		{5300C48C-425F-C1FF-11B0-CCE328892D25}.Debug|x64.ActiveCfg = Debug|x64
		{5300C48C-425F-C1FF-11B0-CCE328892D25}.Debug|x64.Build.0 = Debug|x64
		{5300C48C-425F-C1FF-11B0-CCE328892D25}.Purify|Win32.ActiveCfg = Purify|Win32
		{5300C48C-425F-C1FF-11B0-CCE328892D25}.Purify|Win32.Build.0 = Purify|Win32
		{5300C48C-425F-C1FF-11B0-CCE328892D25}.Purify|x64.ActiveCfg = Purify|x64
		{5300C48C-425F-C1FF-11B0-CCE328892D25}.Purify|x64.Build.0 = Purify|x64
		{5300C48C-425F-C1FF-11B0-CCE328892D25}.Release|x64.ActiveCfg = Release|x64
		{5300C48C-425F-C1FF-11B0-CCE328892D25}.Release|x64.Build.0 = Release|x64
		{5300C48C-425F-C1FF-11B0-CCE328892D25}.Release|Win32.ActiveCfg = Release|Win32
		{5300C48C-425F-C1FF-11B0-CCE328892D25}.Release|Win32.Build.0 = Release|Win32
		{93DB7751-4F3E-6732-979F-6A4937439DF1}.Debug|Win32.ActiveCfg = Debug|Win32
		{93DB7751-4F3E-6732-979F-6A4937439DF1}.Debug|Win32.Build.0 = Debug|Win32
		{93DB7751-4F3E-6732-979F-6A4937439DF1}.Debug|x64.ActiveCfg = Debug|x64
		{93DB7751-4F3E-6732-979F-6A4937439DF1}.Debug|x64.Build.0 = Debug|x64
		{93DB7751-4F3E-6732-979F-6A4937439DF1}.Purify|Win32.ActiveCfg = Purify|Win32
		{93DB7751-4F3E-6732-979F-6A4937439DF1}.Purify|Win32.Build.0 = Purify|Win32
		{93DB7751-4F3E-6732-979F-6A4937439DF1}.Purify|x64.ActiveCfg = Purify|x64
		{93DB7751-4F3E-6732-979F-6A4937439DF1}.Purify|x64.Build.0 = Purify|x64
		{93DB7751-4F3E-6732-979F-6A4937439DF1}.Release|x64.ActiveCfg = Release|x64
		{93DB7751-4F3E-6732-979F-6A4937439DF1}.Release|x64.Build.0 = Release|x64
		{93DB7751-4F3E-6732-979F-6A4937439DF1}.Release|Win32.ActiveCfg = Release|Win32
		{93DB7751-4F3E-6732-979F-6A4937439DF1}.Release|Win32.Build.0 = Release|Win32
	EndGlobalSection
	GlobalSection(SolutionProperties) = preSolution
		HideSolutionNode = FALSE
	EndGlobalSection
	GlobalSection(NestedProjects) = preSolution
		{5300C48C-425F-C1FF-11B0-CCE328892D25} = {8981176E-4A0F-CADE-30A3-5E3F3F1CDE3A}
	EndGlobalSection
EndGlobal
